// !$*UTF8*$!
{
	archiveVersion = 1;
	classes = {
	};
	objectVersion = 77;
	objects = {

/* Begin PBXBuildFile section */
		CD09F0962F4C2DF500F7F2C9 /* ContentView.swift in Sources */ = {isa = PBXBuildFile; fileRef = CD09F0922F4C2DF500F7F2C9 /* ContentView.swift */; };
		CD09F0B12F4C400000F7F2C9 /* Sheet.swift in Sources */ = {isa = PBXBuildFile; fileRef = CD09F0B02F4C400000F7F2C9 /* Sheet.swift */; };
		CD09F0B32F4C400000F7F2C9 /* Expense.swift in Sources */ = {isa = PBXBuildFile; fileRef = CD09F0B22F4C400000F7F2C9 /* Expense.swift */; };
		CD09F0B52F4C400000F7F2C9 /* Income.swift in Sources */ = {isa = PBXBuildFile; fileRef = CD09F0B42F4C400000F7F2C9 /* Income.swift */; };
		CD09F0C12F4C500000F7F2C9 /* DataService.swift in Sources */ = {isa = PBXBuildFile; fileRef = CD09F0C02F4C500000F7F2C9 /* DataService.swift */; };
		CD09F0C32F4C500000F7F2C9 /* SheetService.swift in Sources */ = {isa = PBXBuildFile; fileRef = CD09F0C22F4C500000F7F2C9 /* SheetService.swift */; };
		CD09F0C52F4C500000F7F2C9 /* CashFlowService.swift in Sources */ = {isa = PBXBuildFile; fileRef = CD09F0C42F4C500000F7F2C9 /* CashFlowService.swift */; };
		CD09F0C72F4C500000F7F2C9 /* ExcelService.swift in Sources */ = {isa = PBXBuildFile; fileRef = CD09F0C62F4C500000F7F2C9 /* ExcelService.swift */; };
		CD09F0D12F4C600000F7F2C9 /* AppViewModel.swift in Sources */ = {isa = PBXBuildFile; fileRef = CD09F0D02F4C600000F7F2C9 /* AppViewModel.swift */; };
		CD09F0D32F4C600000F7F2C9 /* ExpensesViewModel.swift in Sources */ = {isa = PBXBuildFile; fileRef = CD09F0D22F4C600000F7F2C9 /* ExpensesViewModel.swift */; };
		CD09F0D52F4C600000F7F2C9 /* IncomeViewModel.swift in Sources */ = {isa = PBXBuildFile; fileRef = CD09F0D42F4C600000F7F2C9 /* IncomeViewModel.swift */; };
		CD09F0D72F4C600000F7F2C9 /* CashFlowViewModel.swift in Sources */ = {isa = PBXBuildFile; fileRef = CD09F0D62F4C600000F7F2C9 /* CashFlowViewModel.swift */; };
		CD09F0D92F4C600000F7F2C9 /* ChartsViewModel.swift in Sources */ = {isa = PBXBuildFile; fileRef = CD09F0D82F4C600000F7F2C9 /* ChartsViewModel.swift */; };
		CD09F0E12F4C700000F7F2C9 /* ExpensesView.swift in Sources */ = {isa = PBXBuildFile; fileRef = CD09F0E02F4C700000F7F2C9 /* ExpensesView.swift */; };
		CD09F0E32F4C700000F7F2C9 /* IncomeView.swift in Sources */ = {isa = PBXBuildFile; fileRef = CD09F0E22F4C700000F7F2C9 /* IncomeView.swift */; };
		CD09F0E52F4C700000F7F2C9 /* CashFlowView.swift in Sources */ = {isa = PBXBuildFile; fileRef = CD09F0E42F4C700000F7F2C9 /* CashFlowView.swift */; };
		CD09F0E72F4C700000F7F2C9 /* ChartsView.swift in Sources */ = {isa = PBXBuildFile; fileRef = CD09F0E62F4C700000F7F2C9 /* ChartsView.swift */; };
		CD09F0E92F4C700000F7F2C9 /* SharedViews.swift in Sources */ = {isa = PBXBuildFile; fileRef = CD09F0E82F4C700000F7F2C9 /* SharedViews.swift */; };
/* End PBXBuildFile section */

/* Begin PBXContainerItemProxy section */
		CD59EC082F4B6729001954E2 /* PBXContainerItemProxy */ = {
			isa = PBXContainerItemProxy;
			containerPortal = CD59EBF02F4B6727001954E2 /* Project object */;
			proxyType = 1;
			remoteGlobalIDString = CD59EBF72F4B6727001954E2;
			remoteInfo = ExpenseTracker;
		};
		CD59EC122F4B6729001954E2 /* PBXContainerItemProxy */ = {
			isa = PBXContainerItemProxy;
			containerPortal = CD59EBF02F4B6727001954E2 /* Project object */;
			proxyType = 1;
			remoteGlobalIDString = CD59EBF72F4B6727001954E2;
			remoteInfo = ExpenseTracker;
		};
/* End PBXContainerItemProxy section */

/* Begin PBXFileReference section */
		CD09F0922F4C2DF500F7F2C9 /* ContentView.swift */ = {isa = PBXFileReference; lastKnownFileType = sourcecode.swift; path = ContentView.swift; sourceTree = "<group>"; };
		CD09F0B02F4C400000F7F2C9 /* Sheet.swift */ = {isa = PBXFileReference; lastKnownFileType = sourcecode.swift; path = Sheet.swift; sourceTree = "<group>"; };
		CD09F0B22F4C400000F7F2C9 /* Expense.swift */ = {isa = PBXFileReference; lastKnownFileType = sourcecode.swift; path = Expense.swift; sourceTree = "<group>"; };
		CD09F0B42F4C400000F7F2C9 /* Income.swift */ = {isa = PBXFileReference; lastKnownFileType = sourcecode.swift; path = Income.swift; sourceTree = "<group>"; };
		CD09F0C02F4C500000F7F2C9 /* DataService.swift */ = {isa = PBXFileReference; lastKnownFileType = sourcecode.swift; path = DataService.swift; sourceTree = "<group>"; };
		CD09F0C22F4C500000F7F2C9 /* SheetService.swift */ = {isa = PBXFileReference; lastKnownFileType = sourcecode.swift; path = SheetService.swift; sourceTree = "<group>"; };
		CD09F0C42F4C500000F7F2C9 /* CashFlowService.swift */ = {isa = PBXFileReference; lastKnownFileType = sourcecode.swift; path = CashFlowService.swift; sourceTree = "<group>"; };
		CD09F0C62F4C500000F7F2C9 /* ExcelService.swift */ = {isa = PBXFileReference; lastKnownFileType = sourcecode.swift; path = ExcelService.swift; sourceTree = "<group>"; };
		CD09F0D02F4C600000F7F2C9 /* AppViewModel.swift */ = {isa = PBXFileReference; lastKnownFileType = sourcecode.swift; path = AppViewModel.swift; sourceTree = "<group>"; };
		CD09F0D22F4C600000F7F2C9 /* ExpensesViewModel.swift */ = {isa = PBXFileReference; lastKnownFileType = sourcecode.swift; path = ExpensesViewModel.swift; sourceTree = "<group>"; };
		CD09F0D42F4C600000F7F2C9 /* IncomeViewModel.swift */ = {isa = PBXFileReference; lastKnownFileType = sourcecode.swift; path = IncomeViewModel.swift; sourceTree = "<group>"; };
		CD09F0D62F4C600000F7F2C9 /* CashFlowViewModel.swift */ = {isa = PBXFileReference; lastKnownFileType = sourcecode.swift; path = CashFlowViewModel.swift; sourceTree = "<group>"; };
		CD09F0D82F4C600000F7F2C9 /* ChartsViewModel.swift */ = {isa = PBXFileReference; lastKnownFileType = sourcecode.swift; path = ChartsViewModel.swift; sourceTree = "<group>"; };
		CD09F0E02F4C700000F7F2C9 /* ExpensesView.swift */ = {isa = PBXFileReference; lastKnownFileType = sourcecode.swift; path = ExpensesView.swift; sourceTree = "<group>"; };
		CD09F0E22F4C700000F7F2C9 /* IncomeView.swift */ = {isa = PBXFileReference; lastKnownFileType = sourcecode.swift; path = IncomeView.swift; sourceTree = "<group>"; };
		CD09F0E42F4C700000F7F2C9 /* CashFlowView.swift */ = {isa = PBXFileReference; lastKnownFileType = sourcecode.swift; path = CashFlowView.swift; sourceTree = "<group>"; };
		CD09F0E62F4C700000F7F2C9 /* ChartsView.swift */ = {isa = PBXFileReference; lastKnownFileType = sourcecode.swift; path = ChartsView.swift; sourceTree = "<group>"; };
		CD09F0E82F4C700000F7F2C9 /* SharedViews.swift */ = {isa = PBXFileReference; lastKnownFileType = sourcecode.swift; path = SharedViews.swift; sourceTree = "<group>"; };
		CD59EBF82F4B6727001954E2 /* ExpenseTracker.app */ = {isa = PBXFileReference; explicitFileType = wrapper.application; includeInIndex = 0; path = ExpenseTracker.app; sourceTree = BUILT_PRODUCTS_DIR; };
		CD59EC072F4B6729001954E2 /* ExpenseTrackerTests.xctest */ = {isa = PBXFileReference; explicitFileType = wrapper.cfbundle; includeInIndex = 0; path = ExpenseTrackerTests.xctest; sourceTree = BUILT_PRODUCTS_DIR; };
		CD59EC112F4B6729001954E2 /* ExpenseTrackerUITests.xctest */ = {isa = PBXFileReference; explicitFileType = wrapper.cfbundle; includeInIndex = 0; path = ExpenseTrackerUITests.xctest; sourceTree = BUILT_PRODUCTS_DIR; };
/* End PBXFileReference section */

/* Begin PBXFileSystemSynchronizedRootGroup section */
		CD59EBFA2F4B6727001954E2 /* ExpenseTracker */ = {
			isa = PBXFileSystemSynchronizedRootGroup;
			path = ExpenseTracker;
			sourceTree = "<group>";
		};
		CD59EC0A2F4B6729001954E2 /* ExpenseTrackerTests */ = {
			isa = PBXFileSystemSynchronizedRootGroup;
			path = ExpenseTrackerTests;
			sourceTree = "<group>";
		};
		CD59EC142F4B6729001954E2 /* ExpenseTrackerUITests */ = {
			isa = PBXFileSystemSynchronizedRootGroup;
			path = ExpenseTrackerUITests;
			sourceTree = "<group>";
		};
/* End PBXFileSystemSynchronizedRootGroup section */

/* Begin PBXFrameworksBuildPhase section */
		CD59EBF52F4B6727001954E2 /* Frameworks */ = {
			isa = PBXFrameworksBuildPhase;
			buildActionMask = 2147483647;
			files = (
			);
			runOnlyForDeploymentPostprocessing = 0;
		};
		CD59EC042F4B6729001954E2 /* Frameworks */ = {
			isa = PBXFrameworksBuildPhase;
			buildActionMask = 2147483647;
			files = (
			);
			runOnlyForDeploymentPostprocessing = 0;
		};
		CD59EC0E2F4B6729001954E2 /* Frameworks */ = {
			isa = PBXFrameworksBuildPhase;
			buildActionMask = 2147483647;
			files = (
			);
			runOnlyForDeploymentPostprocessing = 0;
		};
/* End PBXFrameworksBuildPhase section */

/* Begin PBXGroup section */
		CD09F09F2F4C2FEE00F7F2C9 /* Models */ = {
			isa = PBXGroup;
			children = (
				CD09F0B02F4C400000F7F2C9 /* Sheet.swift */,
				CD09F0B22F4C400000F7F2C9 /* Expense.swift */,
				CD09F0B42F4C400000F7F2C9 /* Income.swift */,
				CD59EBFA2F4B6727001954E2 /* ExpenseTracker */,
			);
			path = Models;
			sourceTree = "<group>";
		};
		CD09F0A02F4C2FFE00F7F2C9 /* ViewModels */ = {
			isa = PBXGroup;
			children = (
				CD09F0D02F4C600000F7F2C9 /* AppViewModel.swift */,
				CD09F0D22F4C600000F7F2C9 /* ExpensesViewModel.swift */,
				CD09F0D42F4C600000F7F2C9 /* IncomeViewModel.swift */,
				CD09F0D62F4C600000F7F2C9 /* CashFlowViewModel.swift */,
				CD09F0D82F4C600000F7F2C9 /* ChartsViewModel.swift */,
			);
			path = ViewModels;
			sourceTree = "<group>";
		};
		CD09F0A12F4C300B00F7F2C9 /* Views */ = {
			isa = PBXGroup;
			children = (
				CD09F0922F4C2DF500F7F2C9 /* ContentView.swift */,
				CD09F0E02F4C700000F7F2C9 /* ExpensesView.swift */,
				CD09F0E22F4C700000F7F2C9 /* IncomeView.swift */,
				CD09F0E42F4C700000F7F2C9 /* CashFlowView.swift */,
				CD09F0E62F4C700000F7F2C9 /* ChartsView.swift */,
				CD09F0E82F4C700000F7F2C9 /* SharedViews.swift */,
			);
			path = Views;
			sourceTree = "<group>";
		};
		CD09F0A22F4C301500F7F2C9 /* Services */ = {
			isa = PBXGroup;
			children = (
				CD09F0C02F4C500000F7F2C9 /* DataService.swift */,
				CD09F0C22F4C500000F7F2C9 /* SheetService.swift */,
				CD09F0C42F4C500000F7F2C9 /* CashFlowService.swift */,
				CD09F0C62F4C500000F7F2C9 /* ExcelService.swift */,
			);
			path = Services;
			sourceTree = "<group>";
		};
		CD59EBEF2F4B6727001954E2 = {
			isa = PBXGroup;
			children = (
				CD09F0A22F4C301500F7F2C9 /* Services */,
				CD09F0A12F4C300B00F7F2C9 /* Views */,
				CD09F0A02F4C2FFE00F7F2C9 /* ViewModels */,
				CD09F09F2F4C2FEE00F7F2C9 /* Models */,
				CD59EC0A2F4B6729001954E2 /* ExpenseTrackerTests */,
				CD59EC142F4B6729001954E2 /* ExpenseTrackerUITests */,
				CD59EBF92F4B6727001954E2 /* Products */,
			);
			sourceTree = "<group>";
		};
		CD59EBF92F4B6727001954E2 /* Products */ = {
			isa = PBXGroup;
			children = (
				CD59EBF82F4B6727001954E2 /* ExpenseTracker.app */,
				CD59EC072F4B6729001954E2 /* ExpenseTrackerTests.xctest */,
				CD59EC112F4B6729001954E2 /* ExpenseTrackerUITests.xctest */,
			);
			name = Products;
			sourceTree = "<group>";
		};
/* End PBXGroup section */

/* Begin PBXNativeTarget section */
		CD59EBF72F4B6727001954E2 /* ExpenseTracker */ = {
			isa = PBXNativeTarget;
			buildConfigurationList = CD59EC1B2F4B6729001954E2 /* Build configuration list for PBXNativeTarget "ExpenseTracker" */;
			buildPhases = (
				CD59EBF42F4B6727001954E2 /* Sources */,
				CD59EBF52F4B6727001954E2 /* Frameworks */,
				CD59EBF62F4B6727001954E2 /* Resources */,
			);
			buildRules = (
			);
			dependencies = (
			);
			fileSystemSynchronizedGroups = (
				CD59EBFA2F4B6727001954E2 /* ExpenseTracker */,
			);
			name = ExpenseTracker;
			packageProductDependencies = (
			);
			productName = ExpenseTracker;
			productReference = CD59EBF82F4B6727001954E2 /* ExpenseTracker.app */;
			productType = "com.apple.product-type.application";
		};
		CD59EC062F4B6729001954E2 /* ExpenseTrackerTests */ = {
			isa = PBXNativeTarget;
			buildConfigurationList = CD59EC1E2F4B6729001954E2 /* Build configuration list for PBXNativeTarget "ExpenseTrackerTests" */;
			buildPhases = (
				CD59EC032F4B6729001954E2 /* Sources */,
				CD59EC042F4B6729001954E2 /* Frameworks */,
				CD59EC052F4B6729001954E2 /* Resources */,
			);
			buildRules = (
			);
			dependencies = (
				CD59EC092F4B6729001954E2 /* PBXTargetDependency */,
			);
			fileSystemSynchronizedGroups = (
				CD59EC0A2F4B6729001954E2 /* ExpenseTrackerTests */,
			);
			name = ExpenseTrackerTests;
			packageProductDependencies = (
			);
			productName = ExpenseTrackerTests;
			productReference = CD59EC072F4B6729001954E2 /* ExpenseTrackerTests.xctest */;
			productType = "com.apple.product-type.bundle.unit-test";
		};
		CD59EC102F4B6729001954E2 /* ExpenseTrackerUITests */ = {
			isa = PBXNativeTarget;
			buildConfigurationList = CD59EC212F4B6729001954E2 /* Build configuration list for PBXNativeTarget "ExpenseTrackerUITests" */;
			buildPhases = (
				CD59EC0D2F4B6729001954E2 /* Sources */,
				CD59EC0E2F4B6729001954E2 /* Frameworks */,
				CD59EC0F2F4B6729001954E2 /* Resources */,
			);
			buildRules = (
			);
			dependencies = (
				CD59EC132F4B6729001954E2 /* PBXTargetDependency */,
			);
			fileSystemSynchronizedGroups = (
				CD59EC142F4B6729001954E2 /* ExpenseTrackerUITests */,
			);
			name = ExpenseTrackerUITests;
			packageProductDependencies = (
			);
			productName = ExpenseTrackerUITests;
			productReference = CD59EC112F4B6729001954E2 /* ExpenseTrackerUITests.xctest */;
			productType = "com.apple.product-type.bundle.ui-testing";
		};
/* End PBXNativeTarget section */

/* Begin PBXProject section */
		CD59EBF02F4B6727001954E2 /* Project object */ = {
			isa = PBXProject;
			attributes = {
				BuildIndependentTargetsInParallel = 1;
				LastSwiftUpdateCheck = 2620;
				LastUpgradeCheck = 2620;
				TargetAttributes = {
					CD59EBF72F4B6727001954E2 = {
						CreatedOnToolsVersion = 26.2;
					};
					CD59EC062F4B6729001954E2 = {
						CreatedOnToolsVersion = 26.2;
						TestTargetID = CD59EBF72F4B6727001954E2;
					};
					CD59EC102F4B6729001954E2 = {
						CreatedOnToolsVersion = 26.2;
						TestTargetID = CD59EBF72F4B6727001954E2;
					};
				};
			};
			buildConfigurationList = CD59EBF32F4B6727001954E2 /* Build configuration list for PBXProject "ExpenseTracker" */;
			developmentRegion = en;
			hasScannedForEncodings = 0;
			knownRegions = (
				en,
				Base,
			);
			mainGroup = CD59EBEF2F4B6727001954E2;
			minimizedProjectReferenceProxies = 1;
			preferredProjectObjectVersion = 77;
			productRefGroup = CD59EBF92F4B6727001954E2 /* Products */;
			projectDirPath = "";
			projectRoot = "";
			targets = (
				CD59EBF72F4B6727001954E2 /* ExpenseTracker */,
				CD59EC062F4B6729001954E2 /* ExpenseTrackerTests */,
				CD59EC102F4B6729001954E2 /* ExpenseTrackerUITests */,
			);
		};
/* End PBXProject section */

/* Begin PBXResourcesBuildPhase section */
		CD59EBF62F4B6727001954E2 /* Resources */ = {
			isa = PBXResourcesBuildPhase;
			buildActionMask = 2147483647;
			files = (
			);
			runOnlyForDeploymentPostprocessing = 0;
		};
		CD59EC052F4B6729001954E2 /* Resources */ = {
			isa = PBXResourcesBuildPhase;
			buildActionMask = 2147483647;
			files = (
			);
			runOnlyForDeploymentPostprocessing = 0;
		};
		CD59EC0F2F4B6729001954E2 /* Resources */ = {
			isa = PBXResourcesBuildPhase;
			buildActionMask = 2147483647;
			files = (
			);
			runOnlyForDeploymentPostprocessing = 0;
		};
/* End PBXResourcesBuildPhase section */

/* Begin PBXSourcesBuildPhase section */
		CD59EBF42F4B6727001954E2 /* Sources */ = {
			isa = PBXSourcesBuildPhase;
			buildActionMask = 2147483647;
			files = (
				CD09F0962F4C2DF500F7F2C9 /* ContentView.swift in Sources */,
				CD09F0B12F4C400000F7F2C9 /* Sheet.swift in Sources */,
				CD09F0B32F4C400000F7F2C9 /* Expense.swift in Sources */,
				CD09F0B52F4C400000F7F2C9 /* Income.swift in Sources */,
				CD09F0C12F4C500000F7F2C9 /* DataService.swift in Sources */,
				CD09F0C32F4C500000F7F2C9 /* SheetService.swift in Sources */,
				CD09F0C52F4C500000F7F2C9 /* CashFlowService.swift in Sources */,
				CD09F0C72F4C500000F7F2C9 /* ExcelService.swift in Sources */,
				CD09F0D12F4C600000F7F2C9 /* AppViewModel.swift in Sources */,
				CD09F0D32F4C600000F7F2C9 /* ExpensesViewModel.swift in Sources */,
				CD09F0D52F4C600000F7F2C9 /* IncomeViewModel.swift in Sources */,
				CD09F0D72F4C600000F7F2C9 /* CashFlowViewModel.swift in Sources */,
				CD09F0D92F4C600000F7F2C9 /* ChartsViewModel.swift in Sources */,
				CD09F0E12F4C700000F7F2C9 /* ExpensesView.swift in Sources */,
				CD09F0E32F4C700000F7F2C9 /* IncomeView.swift in Sources */,
				CD09F0E52F4C700000F7F2C9 /* CashFlowView.swift in Sources */,
				CD09F0E72F4C700000F7F2C9 /* ChartsView.swift in Sources */,
				CD09F0E92F4C700000F7F2C9 /* SharedViews.swift in Sources */,
			);
			runOnlyForDeploymentPostprocessing = 0;
		};
		CD59EC032F4B6729001954E2 /* Sources */ = {
			isa = PBXSourcesBuildPhase;
			buildActionMask = 2147483647;
			files = (
			);
			runOnlyForDeploymentPostprocessing = 0;
		};
		CD59EC0D2F4B6729001954E2 /* Sources */ = {
			isa = PBXSourcesBuildPhase;
			buildActionMask = 2147483647;
			files = (
			);
			runOnlyForDeploymentPostprocessing = 0;
		};
/* End PBXSourcesBuildPhase section */

/* Begin PBXTargetDependency section */
		CD59EC092F4B6729001954E2 /* PBXTargetDependency */ = {
			isa = PBXTargetDependency;
			target = CD59EBF72F4B6727001954E2 /* ExpenseTracker */;
			targetProxy = CD59EC082F4B6729001954E2 /* PBXContainerItemProxy */;
		};
		CD59EC132F4B6729001954E2 /* PBXTargetDependency */ = {
			isa = PBXTargetDependency;
			target = CD59EBF72F4B6727001954E2 /* ExpenseTracker */;
			targetProxy = CD59EC122F4B6729001954E2 /* PBXContainerItemProxy */;
		};
/* End PBXTargetDependency section */

/* Begin XCBuildConfiguration section */
		CD59EC192F4B6729001954E2 /* Debug */ = {
			isa = XCBuildConfiguration;
			buildSettings = {
				ALWAYS_SEARCH_USER_PATHS = NO;
				ASSETCATALOG_COMPILER_GENERATE_SWIFT_ASSET_SYMBOL_EXTENSIONS = YES;
				CLANG_ANALYZER_NONNULL = YES;
				CLANG_ANALYZER_NUMBER_OBJECT_CONVERSION = YES_AGGRESSIVE;
				CLANG_CXX_LANGUAGE_STANDARD = "gnu++20";
				CLANG_ENABLE_MODULES = YES;
				CLANG_ENABLE_OBJC_ARC = YES;
				CLANG_ENABLE_OBJC_WEAK = YES;
				CLANG_WARN_BLOCK_CAPTURE_AUTORELEASING = YES;
				CLANG_WARN_BOOL_CONVERSION = YES;
				CLANG_WARN_COMMA = YES;
				CLANG_WARN_CONSTANT_CONVERSION = YES;
				CLANG_WARN_DEPRECATED_OBJC_IMPLEMENTATIONS = YES;
				CLANG_WARN_DIRECT_OBJC_ISA_USAGE = YES_ERROR;
				CLANG_WARN_DOCUMENTATION_COMMENTS = YES;
				CLANG_WARN_EMPTY_BODY = YES;
				CLANG_WARN_ENUM_CONVERSION = YES;
				CLANG_WARN_INFINITE_RECURSION = YES;
				CLANG_WARN_INT_CONVERSION = YES;
				CLANG_WARN_NON_LITERAL_NULL_CONVERSION = YES;
				CLANG_WARN_OBJC_IMPLICIT_RETAIN_SELF = YES;
				CLANG_WARN_OBJC_LITERAL_CONVERSION = YES;
				CLANG_WARN_OBJC_ROOT_CLASS = YES_ERROR;
				CLANG_WARN_QUOTED_INCLUDE_IN_FRAMEWORK_HEADER = YES;
				CLANG_WARN_RANGE_LOOP_ANALYSIS = YES;
				CLANG_WARN_STRICT_PROTOTYPES = YES;
				CLANG_WARN_SUSPICIOUS_MOVE = YES;
				CLANG_WARN_UNGUARDED_AVAILABILITY = YES_AGGRESSIVE;
				CLANG_WARN_UNREACHABLE_CODE = YES;
				CLANG_WARN__DUPLICATE_METHOD_MATCH = YES;
				COPY_PHASE_STRIP = NO;
				DEBUG_INFORMATION_FORMAT = dwarf;
				DEVELOPMENT_TEAM = PNL6MJ6PM8;
				ENABLE_STRICT_OBJC_MSGSEND = YES;
				ENABLE_TESTABILITY = YES;
				ENABLE_USER_SCRIPT_SANDBOXING = YES;
				GCC_C_LANGUAGE_STANDARD = gnu17;
				GCC_DYNAMIC_NO_PIC = NO;
				GCC_NO_COMMON_BLOCKS = YES;
				GCC_OPTIMIZATION_LEVEL = 0;
				GCC_PREPROCESSOR_DEFINITIONS = (
					"DEBUG=1",
					"$(inherited)",
				);
				GCC_WARN_64_TO_32_BIT_CONVERSION = YES;
				GCC_WARN_ABOUT_RETURN_TYPE = YES_ERROR;
				GCC_WARN_UNDECLARED_SELECTOR = YES;
				GCC_WARN_UNINITIALIZED_AUTOS = YES_AGGRESSIVE;
				GCC_WARN_UNUSED_FUNCTION = YES;
				GCC_WARN_UNUSED_VARIABLE = YES;
				LOCALIZATION_PREFERS_STRING_CATALOGS = YES;
				MTL_ENABLE_DEBUG_INFO = INCLUDE_SOURCE;
				MTL_FAST_MATH = YES;
				ONLY_ACTIVE_ARCH = YES;
				SWIFT_ACTIVE_COMPILATION_CONDITIONS = "DEBUG $(inherited)";
				SWIFT_OPTIMIZATION_LEVEL = "-Onone";
			};
			name = Debug;
		};
		CD59EC1A2F4B6729001954E2 /* Release */ = {
			isa = XCBuildConfiguration;
			buildSettings = {
				ALWAYS_SEARCH_USER_PATHS = NO;
				ASSETCATALOG_COMPILER_GENERATE_SWIFT_ASSET_SYMBOL_EXTENSIONS = YES;
				CLANG_ANALYZER_NONNULL = YES;
				CLANG_ANALYZER_NUMBER_OBJECT_CONVERSION = YES_AGGRESSIVE;
				CLANG_CXX_LANGUAGE_STANDARD = "gnu++20";
				CLANG_ENABLE_MODULES = YES;
				CLANG_ENABLE_OBJC_ARC = YES;
				CLANG_ENABLE_OBJC_WEAK = YES;
				CLANG_WARN_BLOCK_CAPTURE_AUTORELEASING = YES;
				CLANG_WARN_BOOL_CONVERSION = YES;
				CLANG_WARN_COMMA = YES;
				CLANG_WARN_CONSTANT_CONVERSION = YES;
				CLANG_WARN_DEPRECATED_OBJC_IMPLEMENTATIONS = YES;
				CLANG_WARN_DIRECT_OBJC_ISA_USAGE = YES_ERROR;
				CLANG_WARN_DOCUMENTATION_COMMENTS = YES;
				CLANG_WARN_EMPTY_BODY = YES;
				CLANG_WARN_ENUM_CONVERSION = YES;
				CLANG_WARN_INFINITE_RECURSION = YES;
				CLANG_WARN_INT_CONVERSION = YES;
				CLANG_WARN_NON_LITERAL_NULL_CONVERSION = YES;
				CLANG_WARN_OBJC_IMPLICIT_RETAIN_SELF = YES;
				CLANG_WARN_OBJC_LITERAL_CONVERSION = YES;
				CLANG_WARN_OBJC_ROOT_CLASS = YES_ERROR;
				CLANG_WARN_QUOTED_INCLUDE_IN_FRAMEWORK_HEADER = YES;
				CLANG_WARN_RANGE_LOOP_ANALYSIS = YES;
				CLANG_WARN_STRICT_PROTOTYPES = YES;
				CLANG_WARN_SUSPICIOUS_MOVE = YES;
				CLANG_WARN_UNGUARDED_AVAILABILITY = YES_AGGRESSIVE;
				CLANG_WARN_UNREACHABLE_CODE = YES;
				CLANG_WARN__DUPLICATE_METHOD_MATCH = YES;
				COPY_PHASE_STRIP = NO;
				DEBUG_INFORMATION_FORMAT = "dwarf-with-dsym";
				DEVELOPMENT_TEAM = PNL6MJ6PM8;
				ENABLE_NS_ASSERTIONS = NO;
				ENABLE_STRICT_OBJC_MSGSEND = YES;
				ENABLE_USER_SCRIPT_SANDBOXING = YES;
				GCC_C_LANGUAGE_STANDARD = gnu17;
				GCC_NO_COMMON_BLOCKS = YES;
				GCC_WARN_64_TO_32_BIT_CONVERSION = YES;
				GCC_WARN_ABOUT_RETURN_TYPE = YES_ERROR;
				GCC_WARN_UNDECLARED_SELECTOR = YES;
				GCC_WARN_UNINITIALIZED_AUTOS = YES_AGGRESSIVE;
				GCC_WARN_UNUSED_FUNCTION = YES;
				GCC_WARN_UNUSED_VARIABLE = YES;
				LOCALIZATION_PREFERS_STRING_CATALOGS = YES;
				MTL_ENABLE_DEBUG_INFO = NO;
				MTL_FAST_MATH = YES;
				SWIFT_COMPILATION_MODE = wholemodule;
			};
			name = Release;
		};
		CD59EC1C2F4B6729001954E2 /* Debug */ = {
			isa = XCBuildConfiguration;
			buildSettings = {
				ASSETCATALOG_COMPILER_APPICON_NAME = AppIcon;
				ASSETCATALOG_COMPILER_GLOBAL_ACCENT_COLOR_NAME = AccentColor;
				CODE_SIGN_STYLE = Automatic;
				CURRENT_PROJECT_VERSION = 1;
				DEVELOPMENT_TEAM = PNL6MJ6PM8;
				ENABLE_APP_SANDBOX = YES;
				ENABLE_HARDENED_RUNTIME = YES;
				ENABLE_PREVIEWS = YES;
				ENABLE_USER_SELECTED_FILES = readonly;
				GENERATE_INFOPLIST_FILE = YES;
				"INFOPLIST_KEY_UIApplicationSceneManifest_Generation[sdk=iphoneos*]" = YES;
				"INFOPLIST_KEY_UIApplicationSceneManifest_Generation[sdk=iphonesimulator*]" = YES;
				"INFOPLIST_KEY_UIApplicationSupportsIndirectInputEvents[sdk=iphoneos*]" = YES;
				"INFOPLIST_KEY_UIApplicationSupportsIndirectInputEvents[sdk=iphonesimulator*]" = YES;
				"INFOPLIST_KEY_UILaunchScreen_Generation[sdk=iphoneos*]" = YES;
				"INFOPLIST_KEY_UILaunchScreen_Generation[sdk=iphonesimulator*]" = YES;
				"INFOPLIST_KEY_UIStatusBarStyle[sdk=iphoneos*]" = UIStatusBarStyleDefault;
				"INFOPLIST_KEY_UIStatusBarStyle[sdk=iphonesimulator*]" = UIStatusBarStyleDefault;
				INFOPLIST_KEY_UISupportedInterfaceOrientations_iPad = "UIInterfaceOrientationPortrait UIInterfaceOrientationPortraitUpsideDown UIInterfaceOrientationLandscapeLeft UIInterfaceOrientationLandscapeRight";
				INFOPLIST_KEY_UISupportedInterfaceOrientations_iPhone = "UIInterfaceOrientationPortrait UIInterfaceOrientationLandscapeLeft UIInterfaceOrientationLandscapeRight";
				IPHONEOS_DEPLOYMENT_TARGET = 26.2;
				LD_RUNPATH_SEARCH_PATHS = "@executable_path/Frameworks";
				"LD_RUNPATH_SEARCH_PATHS[sdk=macosx*]" = "@executable_path/../Frameworks";
				MACOSX_DEPLOYMENT_TARGET = 26.2;
				MARKETING_VERSION = 1.0;
				PRODUCT_BUNDLE_IDENTIFIER = com.tvganesh.ExpenseTracker;
				PRODUCT_NAME = "$(TARGET_NAME)";
				REGISTER_APP_GROUPS = YES;
				SDKROOT = auto;
				STRING_CATALOG_GENERATE_SYMBOLS = YES;
				SUPPORTED_PLATFORMS = "iphoneos iphonesimulator macosx xros xrsimulator";
				SWIFT_APPROACHABLE_CONCURRENCY = YES;
				SWIFT_DEFAULT_ACTOR_ISOLATION = MainActor;
				SWIFT_EMIT_LOC_STRINGS = YES;
				SWIFT_UPCOMING_FEATURE_MEMBER_IMPORT_VISIBILITY = YES;
				SWIFT_VERSION = 5.0;
				TARGETED_DEVICE_FAMILY = "1,2,7";
				XROS_DEPLOYMENT_TARGET = 26.2;
			};
			name = Debug;
		};
		CD59EC1D2F4B6729001954E2 /* Release */ = {
			isa = XCBuildConfiguration;
			buildSettings = {
				ASSETCATALOG_COMPILER_APPICON_NAME = AppIcon;
				ASSETCATALOG_COMPILER_GLOBAL_ACCENT_COLOR_NAME = AccentColor;
				CODE_SIGN_STYLE = Automatic;
				CURRENT_PROJECT_VERSION = 1;
				DEVELOPMENT_TEAM = PNL6MJ6PM8;
				ENABLE_APP_SANDBOX = YES;
				ENABLE_HARDENED_RUNTIME = YES;
				ENABLE_PREVIEWS = YES;
				ENABLE_USER_SELECTED_FILES = readonly;
				GENERATE_INFOPLIST_FILE = YES;
				"INFOPLIST_KEY_UIApplicationSceneManifest_Generation[sdk=iphoneos*]" = YES;
				"INFOPLIST_KEY_UIApplicationSceneManifest_Generation[sdk=iphonesimulator*]" = YES;
				"INFOPLIST_KEY_UIApplicationSupportsIndirectInputEvents[sdk=iphoneos*]" = YES;
				"INFOPLIST_KEY_UIApplicationSupportsIndirectInputEvents[sdk=iphonesimulator*]" = YES;
				"INFOPLIST_KEY_UILaunchScreen_Generation[sdk=iphoneos*]" = YES;
				"INFOPLIST_KEY_UILaunchScreen_Generation[sdk=iphonesimulator*]" = YES;
				"INFOPLIST_KEY_UIStatusBarStyle[sdk=iphoneos*]" = UIStatusBarStyleDefault;
				"INFOPLIST_KEY_UIStatusBarStyle[sdk=iphonesimulator*]" = UIStatusBarStyleDefault;
				INFOPLIST_KEY_UISupportedInterfaceOrientations_iPad = "UIInterfaceOrientationPortrait UIInterfaceOrientationPortraitUpsideDown UIInterfaceOrientationLandscapeLeft UIInterfaceOrientationLandscapeRight";
				INFOPLIST_KEY_UISupportedInterfaceOrientations_iPhone = "UIInterfaceOrientationPortrait UIInterfaceOrientationLandscapeLeft UIInterfaceOrientationLandscapeRight";
				IPHONEOS_DEPLOYMENT_TARGET = 26.2;
				LD_RUNPATH_SEARCH_PATHS = "@executable_path/Frameworks";
				"LD_RUNPATH_SEARCH_PATHS[sdk=macosx*]" = "@executable_path/../Frameworks";
				MACOSX_DEPLOYMENT_TARGET = 26.2;
				MARKETING_VERSION = 1.0;
				PRODUCT_BUNDLE_IDENTIFIER = com.tvganesh.ExpenseTracker;
				PRODUCT_NAME = "$(TARGET_NAME)";
				REGISTER_APP_GROUPS = YES;
				SDKROOT = auto;
				STRING_CATALOG_GENERATE_SYMBOLS = YES;
				SUPPORTED_PLATFORMS = "iphoneos iphonesimulator macosx xros xrsimulator";
				SWIFT_APPROACHABLE_CONCURRENCY = YES;
				SWIFT_DEFAULT_ACTOR_ISOLATION = MainActor;
				SWIFT_EMIT_LOC_STRINGS = YES;
				SWIFT_UPCOMING_FEATURE_MEMBER_IMPORT_VISIBILITY = YES;
				SWIFT_VERSION = 5.0;
				TARGETED_DEVICE_FAMILY = "1,2,7";
				XROS_DEPLOYMENT_TARGET = 26.2;
			};
			name = Release;
		};
		CD59EC1F2F4B6729001954E2 /* Debug */ = {
			isa = XCBuildConfiguration;
			buildSettings = {
				BUNDLE_LOADER = "$(TEST_HOST)";
				CODE_SIGN_STYLE = Automatic;
				CURRENT_PROJECT_VERSION = 1;
				DEVELOPMENT_TEAM = PNL6MJ6PM8;
				GENERATE_INFOPLIST_FILE = YES;
				IPHONEOS_DEPLOYMENT_TARGET = 26.2;
				MACOSX_DEPLOYMENT_TARGET = 26.2;
				MARKETING_VERSION = 1.0;
				PRODUCT_BUNDLE_IDENTIFIER = com.tvganesh.ExpenseTrackerTests;
				PRODUCT_NAME = "$(TARGET_NAME)";
				SDKROOT = auto;
				STRING_CATALOG_GENERATE_SYMBOLS = NO;
				SUPPORTED_PLATFORMS = "iphoneos iphonesimulator macosx xros xrsimulator";
				SWIFT_APPROACHABLE_CONCURRENCY = YES;
				SWIFT_EMIT_LOC_STRINGS = NO;
				SWIFT_UPCOMING_FEATURE_MEMBER_IMPORT_VISIBILITY = YES;
				SWIFT_VERSION = 5.0;
				TARGETED_DEVICE_FAMILY = "1,2,7";
				TEST_HOST = "$(BUILT_PRODUCTS_DIR)/ExpenseTracker.app/$(BUNDLE_EXECUTABLE_FOLDER_PATH)/ExpenseTracker";
				XROS_DEPLOYMENT_TARGET = 26.2;
			};
			name = Debug;
		};
		CD59EC202F4B6729001954E2 /* Release */ = {
			isa = XCBuildConfiguration;
			buildSettings = {
				BUNDLE_LOADER = "$(TEST_HOST)";
				CODE_SIGN_STYLE = Automatic;
				CURRENT_PROJECT_VERSION = 1;
				DEVELOPMENT_TEAM = PNL6MJ6PM8;
				GENERATE_INFOPLIST_FILE = YES;
				IPHONEOS_DEPLOYMENT_TARGET = 26.2;
				MACOSX_DEPLOYMENT_TARGET = 26.2;
				MARKETING_VERSION = 1.0;
				PRODUCT_BUNDLE_IDENTIFIER = com.tvganesh.ExpenseTrackerTests;
				PRODUCT_NAME = "$(TARGET_NAME)";
				SDKROOT = auto;
				STRING_CATALOG_GENERATE_SYMBOLS = NO;
				SUPPORTED_PLATFORMS = "iphoneos iphonesimulator macosx xros xrsimulator";
				SWIFT_APPROACHABLE_CONCURRENCY = YES;
				SWIFT_EMIT_LOC_STRINGS = NO;
				SWIFT_UPCOMING_FEATURE_MEMBER_IMPORT_VISIBILITY = YES;
				SWIFT_VERSION = 5.0;
				TARGETED_DEVICE_FAMILY = "1,2,7";
				TEST_HOST = "$(BUILT_PRODUCTS_DIR)/ExpenseTracker.app/$(BUNDLE_EXECUTABLE_FOLDER_PATH)/ExpenseTracker";
				XROS_DEPLOYMENT_TARGET = 26.2;
			};
			name = Release;
		};
		CD59EC222F4B6729001954E2 /* Debug */ = {
			isa = XCBuildConfiguration;
			buildSettings = {
				CODE_SIGN_STYLE = Automatic;
				CURRENT_PROJECT_VERSION = 1;
				DEVELOPMENT_TEAM = PNL6MJ6PM8;
				GENERATE_INFOPLIST_FILE = YES;
				IPHONEOS_DEPLOYMENT_TARGET = 26.2;
				MACOSX_DEPLOYMENT_TARGET = 26.2;
				MARKETING_VERSION = 1.0;
				PRODUCT_BUNDLE_IDENTIFIER = com.tvganesh.ExpenseTrackerUITests;
				PRODUCT_NAME = "$(TARGET_NAME)";
				SDKROOT = auto;
				STRING_CATALOG_GENERATE_SYMBOLS = NO;
				SUPPORTED_PLATFORMS = "iphoneos iphonesimulator macosx xros xrsimulator";
				SWIFT_APPROACHABLE_CONCURRENCY = YES;
				SWIFT_EMIT_LOC_STRINGS = NO;
				SWIFT_UPCOMING_FEATURE_MEMBER_IMPORT_VISIBILITY = YES;
				SWIFT_VERSION = 5.0;
				TARGETED_DEVICE_FAMILY = "1,2,7";
				TEST_TARGET_NAME = ExpenseTracker;
				XROS_DEPLOYMENT_TARGET = 26.2;
			};
			name = Debug;
		};
		CD59EC232F4B6729001954E2 /* Release */ = {
			isa = XCBuildConfiguration;
			buildSettings = {
				CODE_SIGN_STYLE = Automatic;
				CURRENT_PROJECT_VERSION = 1;
				DEVELOPMENT_TEAM = PNL6MJ6PM8;
				GENERATE_INFOPLIST_FILE = YES;
				IPHONEOS_DEPLOYMENT_TARGET = 26.2;
				MACOSX_DEPLOYMENT_TARGET = 26.2;
				MARKETING_VERSION = 1.0;
				PRODUCT_BUNDLE_IDENTIFIER = com.tvganesh.ExpenseTrackerUITests;
				PRODUCT_NAME = "$(TARGET_NAME)";
				SDKROOT = auto;
				STRING_CATALOG_GENERATE_SYMBOLS = NO;
				SUPPORTED_PLATFORMS = "iphoneos iphonesimulator macosx xros xrsimulator";
				SWIFT_APPROACHABLE_CONCURRENCY = YES;
				SWIFT_EMIT_LOC_STRINGS = NO;
				SWIFT_UPCOMING_FEATURE_MEMBER_IMPORT_VISIBILITY = YES;
				SWIFT_VERSION = 5.0;
				TARGETED_DEVICE_FAMILY = "1,2,7";
				TEST_TARGET_NAME = ExpenseTracker;
				XROS_DEPLOYMENT_TARGET = 26.2;
			};
			name = Release;
		};
/* End XCBuildConfiguration section */

/* Begin XCConfigurationList section */
		CD59EBF32F4B6727001954E2 /* Build configuration list for PBXProject "ExpenseTracker" */ = {
			isa = XCConfigurationList;
			buildConfigurations = (
				CD59EC192F4B6729001954E2 /* Debug */,
				CD59EC1A2F4B6729001954E2 /* Release */,
			);
			defaultConfigurationIsVisible = 0;
			defaultConfigurationName = Release;
		};
		CD59EC1B2F4B6729001954E2 /* Build configuration list for PBXNativeTarget "ExpenseTracker" */ = {
			isa = XCConfigurationList;
			buildConfigurations = (
				CD59EC1C2F4B6729001954E2 /* Debug */,
				CD59EC1D2F4B6729001954E2 /* Release */,
			);
			defaultConfigurationIsVisible = 0;
			defaultConfigurationName = Release;
		};
		CD59EC1E2F4B6729001954E2 /* Build configuration list for PBXNativeTarget "ExpenseTrackerTests" */ = {
			isa = XCConfigurationList;
			buildConfigurations = (
				CD59EC1F2F4B6729001954E2 /* Debug */,
				CD59EC202F4B6729001954E2 /* Release */,
			);
			defaultConfigurationIsVisible = 0;
			defaultConfigurationName = Release;
		};
		CD59EC212F4B6729001954E2 /* Build configuration list for PBXNativeTarget "ExpenseTrackerUITests" */ = {
			isa = XCConfigurationList;
			buildConfigurations = (
				CD59EC222F4B6729001954E2 /* Debug */,
				CD59EC232F4B6729001954E2 /* Release */,
			);
			defaultConfigurationIsVisible = 0;
			defaultConfigurationName = Release;
		};
/* End XCConfigurationList section */
	};
	rootObject = CD59EBF02F4B6727001954E2 /* Project object */;
}
